
Microsoft Visual Studio Solution File, Format Version 12.00
# Visual Studio Version 17
VisualStudioVersion = 17.8.34309.116
MinimumVisualStudioVersion = 10.0.40219.1
Project("{FAE04EC0-301F-11D3-BF4B-00C04F79EFBC}") = "ErrorDetectingCode", "ErrorDetectingCode\ErrorDetectingCode.csproj", "{9F3AAD29-D373-466F-B476-E0220F5BE162}"
EndProject
Global
	GlobalSection(SolutionConfigurationPlatforms) = preSolution
		Debug|Any CPU = Debug|Any CPU
		Release|Any CPU = Release|Any CPU
	EndGlobalSection
	GlobalSection(ProjectConfigurationPlatforms) = postSolution
		{9F3AAD29-D373-466F-B476-E0220F5BE162}.Debug|Any CPU.ActiveCfg = Debug|Any CPU
		{9F3AAD29-D373-466F-B476-E0220F5BE162}.Debug|Any CPU.Build.0 = Debug|Any CPU
		{9F3AAD29-D373-466F-B476-E0220F5BE162}.Release|Any CPU.ActiveCfg = Release|Any CPU
		{9F3AAD29-D373-466F-B476-E0220F5BE162}.Release|Any CPU.Build.0 = Release|Any CPU
	EndGlobalSection
	GlobalSection(SolutionProperties) = preSolution
		HideSolutionNode = FALSE
	EndGlobalSection
	GlobalSection(ExtensibilityGlobals) = postSolution
		SolutionGuid = {E63DA1FC-9503-4486-99A4-7383FA83C222}
	EndGlobalSection
EndGlobal
